
Microsoft Visual Studio Solution File, Format Version 12.00
# Visual Studio 15
VisualStudioVersion = 15.0.28307.421
MinimumVisualStudioVersion = 10.0.40219.1
Project("{9A19103F-16F7-4668-BE54-9A1E7A4F7556}") = "Supermarket", "Supermarket\Supermarket.csproj", "{9E1542C2-FF8A-4204-A463-E1252307BB3D}"
EndProject
Project("{2150E333-8FDC-42A3-9474-1A3956D46DE8}") = "src", "src", "{D1E2D5CD-DA76-4B48-894B-8EFA327B4908}"
EndProject
Project("{FAE04EC0-301F-11D3-BF4B-00C04F79EFBC}") = "Supermarket.Core", "Supermarket.Core\Supermarket.Core.csproj", "{3D55EDFC-B813-4CC7-B0A5-55906D622051}"
EndProject
Project("{2150E333-8FDC-42A3-9474-1A3956D46DE8}") = "test", "test", "{98E12A85-6563-4898-98F6-2CAA5D98F8A9}"
EndProject
Project("{FAE04EC0-301F-11D3-BF4B-00C04F79EFBC}") = "Supermarket.UnitTests", "Supermarket.UnitTests\Supermarket.UnitTests.csproj", "{364CFF3F-31C4-4BB5-847F-41270BB891B8}"
EndProject
Global
	GlobalSection(SolutionConfigurationPlatforms) = preSolution
		Debug|Any CPU = Debug|Any CPU
		Release|Any CPU = Release|Any CPU
	EndGlobalSection
	GlobalSection(ProjectConfigurationPlatforms) = postSolution
		{9E1542C2-FF8A-4204-A463-E1252307BB3D}.Debug|Any CPU.ActiveCfg = Debug|Any CPU
		{9E1542C2-FF8A-4204-A463-E1252307BB3D}.Debug|Any CPU.Build.0 = Debug|Any CPU
		{9E1542C2-FF8A-4204-A463-E1252307BB3D}.Release|Any CPU.ActiveCfg = Release|Any CPU
		{9E1542C2-FF8A-4204-A463-E1252307BB3D}.Release|Any CPU.Build.0 = Release|Any CPU
		{3D55EDFC-B813-4CC7-B0A5-55906D622051}.Debug|Any CPU.ActiveCfg = Debug|Any CPU
		{3D55EDFC-B813-4CC7-B0A5-55906D622051}.Debug|Any CPU.Build.0 = Debug|Any CPU
		{3D55EDFC-B813-4CC7-B0A5-55906D622051}.Release|Any CPU.ActiveCfg = Release|Any CPU
		{3D55EDFC-B813-4CC7-B0A5-55906D622051}.Release|Any CPU.Build.0 = Release|Any CPU
		{364CFF3F-31C4-4BB5-847F-41270BB891B8}.Debug|Any CPU.ActiveCfg = Debug|Any CPU
		{364CFF3F-31C4-4BB5-847F-41270BB891B8}.Debug|Any CPU.Build.0 = Debug|Any CPU
		{364CFF3F-31C4-4BB5-847F-41270BB891B8}.Release|Any CPU.ActiveCfg = Release|Any CPU
		{364CFF3F-31C4-4BB5-847F-41270BB891B8}.Release|Any CPU.Build.0 = Release|Any CPU
	EndGlobalSection
	GlobalSection(SolutionProperties) = preSolution
		HideSolutionNode = FALSE
	EndGlobalSection
	GlobalSection(NestedProjects) = preSolution
		{9E1542C2-FF8A-4204-A463-E1252307BB3D} = {D1E2D5CD-DA76-4B48-894B-8EFA327B4908}
		{3D55EDFC-B813-4CC7-B0A5-55906D622051} = {D1E2D5CD-DA76-4B48-894B-8EFA327B4908}
		{364CFF3F-31C4-4BB5-847F-41270BB891B8} = {98E12A85-6563-4898-98F6-2CAA5D98F8A9}
	EndGlobalSection
	GlobalSection(ExtensibilityGlobals) = postSolution
		SolutionGuid = {E1755423-7EE6-4D85-BFD9-BD215FACB39E}
	EndGlobalSection
EndGlobal
