
Microsoft Visual Studio Solution File, Format Version 12.00
# Visual Studio 15
VisualStudioVersion = 15.0.28307.421
MinimumVisualStudioVersion = 10.0.40219.1
Project("{9A19103F-16F7-4668-BE54-9A1E7A4F7556}") = "Supermarket", "Supermarket\Supermarket.csproj", "{9E1542C2-FF8A-4204-A463-E1252307BB3D}"
EndProject
Project("{9A19103F-16F7-4668-BE54-9A1E7A4F7556}") = "Supermarket.Entites", "Supermarket.Entites\Supermarket.Entites.csproj", "{0AB155D2-0A7E-4076-AB13-AD65C3F45858}"
EndProject
Project("{9A19103F-16F7-4668-BE54-9A1E7A4F7556}") = "Supermarket.Persistent", "Supermarket.Persistent\Supermarket.Persistent.csproj", "{ED1AC56C-0088-4D49-87E0-8889429591CC}"
EndProject
Project("{FAE04EC0-301F-11D3-BF4B-00C04F79EFBC}") = "Supermarket.Identity", "Supermarket.Identity\Supermarket.Identity.csproj", "{8AFA5109-A437-409E-A103-40ED92364AE4}"
EndProject
Global
	GlobalSection(SolutionConfigurationPlatforms) = preSolution
		Debug|Any CPU = Debug|Any CPU
		Release|Any CPU = Release|Any CPU
	EndGlobalSection
	GlobalSection(ProjectConfigurationPlatforms) = postSolution
		{9E1542C2-FF8A-4204-A463-E1252307BB3D}.Debug|Any CPU.ActiveCfg = Debug|Any CPU
		{9E1542C2-FF8A-4204-A463-E1252307BB3D}.Debug|Any CPU.Build.0 = Debug|Any CPU
		{9E1542C2-FF8A-4204-A463-E1252307BB3D}.Release|Any CPU.ActiveCfg = Release|Any CPU
		{9E1542C2-FF8A-4204-A463-E1252307BB3D}.Release|Any CPU.Build.0 = Release|Any CPU
		{0AB155D2-0A7E-4076-AB13-AD65C3F45858}.Debug|Any CPU.ActiveCfg = Debug|Any CPU
		{0AB155D2-0A7E-4076-AB13-AD65C3F45858}.Debug|Any CPU.Build.0 = Debug|Any CPU
		{0AB155D2-0A7E-4076-AB13-AD65C3F45858}.Release|Any CPU.ActiveCfg = Release|Any CPU
		{0AB155D2-0A7E-4076-AB13-AD65C3F45858}.Release|Any CPU.Build.0 = Release|Any CPU
		{ED1AC56C-0088-4D49-87E0-8889429591CC}.Debug|Any CPU.ActiveCfg = Debug|Any CPU
		{ED1AC56C-0088-4D49-87E0-8889429591CC}.Debug|Any CPU.Build.0 = Debug|Any CPU
		{ED1AC56C-0088-4D49-87E0-8889429591CC}.Release|Any CPU.ActiveCfg = Release|Any CPU
		{ED1AC56C-0088-4D49-87E0-8889429591CC}.Release|Any CPU.Build.0 = Release|Any CPU
		{8AFA5109-A437-409E-A103-40ED92364AE4}.Debug|Any CPU.ActiveCfg = Debug|Any CPU
		{8AFA5109-A437-409E-A103-40ED92364AE4}.Debug|Any CPU.Build.0 = Debug|Any CPU
		{8AFA5109-A437-409E-A103-40ED92364AE4}.Release|Any CPU.ActiveCfg = Release|Any CPU
		{8AFA5109-A437-409E-A103-40ED92364AE4}.Release|Any CPU.Build.0 = Release|Any CPU
	EndGlobalSection
	GlobalSection(SolutionProperties) = preSolution
		HideSolutionNode = FALSE
	EndGlobalSection
	GlobalSection(ExtensibilityGlobals) = postSolution
		SolutionGuid = {E1755423-7EE6-4D85-BFD9-BD215FACB39E}
	EndGlobalSection
EndGlobal
